
Microsoft Visual Studio Solution File, Format Version 12.00
# Visual Studio Version 16
VisualStudioVersion = 16.0.33214.272
MinimumVisualStudioVersion = 10.0.40219.1
Project("{FAE04EC0-301F-11D3-BF4B-00C04F79EFBC}") = "BOLT.BCEW.Rental.Project", "BOLT.BCEW.Rental.Project\BOLT.BCEW.Rental.Project.csproj", "{5C3D93CE-363E-4C96-A9B4-8F2B942AC16C}"
EndProject
Project("{FAE04EC0-301F-11D3-BF4B-00C04F79EFBC}") = "BOLT.BCEW.Rental.CostSheet", "BOLT.BCEW.Rental.CostSheet\BOLT.BCEW.Rental.CostSheet.csproj", "{8FB14F80-4368-4F0B-B6A1-DEC0DC5B3D22}"
EndProject
Project("{FAE04EC0-301F-11D3-BF4B-00C04F79EFBC}") = "BOLT.BCEW.Rental.CostSheetChildren", "BOLT.BCEW.Rental.CostSheetChildren\BOLT.BCEW.Rental.CostSheetChildren.csproj", "{6ED00841-0C07-47A3-AFE4-7D3411C81DF3}"
EndProject
Global
	GlobalSection(SolutionConfigurationPlatforms) = preSolution
		Debug|Any CPU = Debug|Any CPU
		Release|Any CPU = Release|Any CPU
	EndGlobalSection
	GlobalSection(ProjectConfigurationPlatforms) = postSolution
		{5C3D93CE-363E-4C96-A9B4-8F2B942AC16C}.Debug|Any CPU.ActiveCfg = Debug|Any CPU
		{5C3D93CE-363E-4C96-A9B4-8F2B942AC16C}.Debug|Any CPU.Build.0 = Debug|Any CPU
		{5C3D93CE-363E-4C96-A9B4-8F2B942AC16C}.Release|Any CPU.ActiveCfg = Release|Any CPU
		{5C3D93CE-363E-4C96-A9B4-8F2B942AC16C}.Release|Any CPU.Build.0 = Release|Any CPU
		{8FB14F80-4368-4F0B-B6A1-DEC0DC5B3D22}.Debug|Any CPU.ActiveCfg = Debug|Any CPU
		{8FB14F80-4368-4F0B-B6A1-DEC0DC5B3D22}.Debug|Any CPU.Build.0 = Debug|Any CPU
		{8FB14F80-4368-4F0B-B6A1-DEC0DC5B3D22}.Release|Any CPU.ActiveCfg = Release|Any CPU
		{8FB14F80-4368-4F0B-B6A1-DEC0DC5B3D22}.Release|Any CPU.Build.0 = Release|Any CPU
		{6ED00841-0C07-47A3-AFE4-7D3411C81DF3}.Debug|Any CPU.ActiveCfg = Debug|Any CPU
		{6ED00841-0C07-47A3-AFE4-7D3411C81DF3}.Debug|Any CPU.Build.0 = Debug|Any CPU
		{6ED00841-0C07-47A3-AFE4-7D3411C81DF3}.Release|Any CPU.ActiveCfg = Release|Any CPU
		{6ED00841-0C07-47A3-AFE4-7D3411C81DF3}.Release|Any CPU.Build.0 = Release|Any CPU
	EndGlobalSection
	GlobalSection(SolutionProperties) = preSolution
		HideSolutionNode = FALSE
	EndGlobalSection
	GlobalSection(ExtensibilityGlobals) = postSolution
		SolutionGuid = {8DE8739C-12FB-4611-829A-7EF66597D6DC}
	EndGlobalSection
EndGlobal
